// !$*UTF8*$!
{
	archiveVersion = 1;
	classes = {
	};
	objectVersion = 50;
	objects = {

/* Begin PBXBuildFile section */
		DB9809D426F8B168009DEEDD /* TodoApp.swift in Sources */ = {isa = PBXBuildFile; fileRef = DB9809D326F8B168009DEEDD /* TodoApp.swift */; };
		DB9809D826F8B16B009DEEDD /* Assets.xcassets in Resources */ = {isa = PBXBuildFile; fileRef = DB9809D726F8B16B009DEEDD /* Assets.xcassets */; };
		DB9809DB26F8B16B009DEEDD /* Preview Assets.xcassets in Resources */ = {isa = PBXBuildFile; fileRef = DB9809DA26F8B16B009DEEDD /* Preview Assets.xcassets */; };
		DB9809E626F8B16B009DEEDD /* TodoTests.swift in Sources */ = {isa = PBXBuildFile; fileRef = DB9809E526F8B16B009DEEDD /* TodoTests.swift */; };
		DB9809F126F8B16B009DEEDD /* TodoUITests.swift in Sources */ = {isa = PBXBuildFile; fileRef = DB9809F026F8B16B009DEEDD /* TodoUITests.swift */; };
		DB980A0226F8B32B009DEEDD /* MainView.swift in Sources */ = {isa = PBXBuildFile; fileRef = DB980A0126F8B32B009DEEDD /* MainView.swift */; };
		DB980A0426F8B83B009DEEDD /* MainViewModel.swift in Sources */ = {isa = PBXBuildFile; fileRef = DB980A0326F8B83A009DEEDD /* MainViewModel.swift */; };
		DB980A0A26F8BAFE009DEEDD /* LoginView.swift in Sources */ = {isa = PBXBuildFile; fileRef = DB980A0926F8BAFE009DEEDD /* LoginView.swift */; };
		DB980A0C26F8BB58009DEEDD /* RegisterView.swift in Sources */ = {isa = PBXBuildFile; fileRef = DB980A0B26F8BB58009DEEDD /* RegisterView.swift */; };
		DB980A0E26F8CA45009DEEDD /* LoginViewModel.swift in Sources */ = {isa = PBXBuildFile; fileRef = DB980A0D26F8CA45009DEEDD /* LoginViewModel.swift */; };
		DB980A1126F8CB19009DEEDD /* TasksView.swift in Sources */ = {isa = PBXBuildFile; fileRef = DB980A1026F8CB19009DEEDD /* TasksView.swift */; };
		DB980A1326F8CB24009DEEDD /* TasksViewModel.swift in Sources */ = {isa = PBXBuildFile; fileRef = DB980A1226F8CB24009DEEDD /* TasksViewModel.swift */; };
		DB980A1726F8CB53009DEEDD /* Task.swift in Sources */ = {isa = PBXBuildFile; fileRef = DB980A1626F8CB53009DEEDD /* Task.swift */; };
		DB980A1E26F8CD5B009DEEDD /* TaskDetailView.swift in Sources */ = {isa = PBXBuildFile; fileRef = DB980A1D26F8CD5B009DEEDD /* TaskDetailView.swift */; };
		DB980A2026F8CD66009DEEDD /* TaskDetailViewModel.swift in Sources */ = {isa = PBXBuildFile; fileRef = DB980A1F26F8CD66009DEEDD /* TaskDetailViewModel.swift */; };
		DB980A2226F8D078009DEEDD /* TaskRowView.swift in Sources */ = {isa = PBXBuildFile; fileRef = DB980A2126F8D078009DEEDD /* TaskRowView.swift */; };
		DB980A2726F8D0E8009DEEDD /* TaskRowViewModel.swift in Sources */ = {isa = PBXBuildFile; fileRef = DB980A2626F8D0E8009DEEDD /* TaskRowViewModel.swift */; };
/* End PBXBuildFile section */

/* Begin PBXContainerItemProxy section */
		DB9809E226F8B16B009DEEDD /* PBXContainerItemProxy */ = {
			isa = PBXContainerItemProxy;
			containerPortal = DB9809C826F8B168009DEEDD /* Project object */;
			proxyType = 1;
			remoteGlobalIDString = DB9809CF26F8B168009DEEDD;
			remoteInfo = Todo;
		};
		DB9809ED26F8B16B009DEEDD /* PBXContainerItemProxy */ = {
			isa = PBXContainerItemProxy;
			containerPortal = DB9809C826F8B168009DEEDD /* Project object */;
			proxyType = 1;
			remoteGlobalIDString = DB9809CF26F8B168009DEEDD;
			remoteInfo = Todo;
		};
/* End PBXContainerItemProxy section */

/* Begin PBXFileReference section */
		DB9809D026F8B168009DEEDD /* Todo.app */ = {isa = PBXFileReference; explicitFileType = wrapper.application; includeInIndex = 0; path = Todo.app; sourceTree = BUILT_PRODUCTS_DIR; };
		DB9809D326F8B168009DEEDD /* TodoApp.swift */ = {isa = PBXFileReference; lastKnownFileType = sourcecode.swift; path = TodoApp.swift; sourceTree = "<group>"; };
		DB9809D726F8B16B009DEEDD /* Assets.xcassets */ = {isa = PBXFileReference; lastKnownFileType = folder.assetcatalog; path = Assets.xcassets; sourceTree = "<group>"; };
		DB9809DA26F8B16B009DEEDD /* Preview Assets.xcassets */ = {isa = PBXFileReference; lastKnownFileType = folder.assetcatalog; path = "Preview Assets.xcassets"; sourceTree = "<group>"; };
		DB9809DC26F8B16B009DEEDD /* Info.plist */ = {isa = PBXFileReference; lastKnownFileType = text.plist.xml; path = Info.plist; sourceTree = "<group>"; };
		DB9809E126F8B16B009DEEDD /* TodoTests.xctest */ = {isa = PBXFileReference; explicitFileType = wrapper.cfbundle; includeInIndex = 0; path = TodoTests.xctest; sourceTree = BUILT_PRODUCTS_DIR; };
		DB9809E526F8B16B009DEEDD /* TodoTests.swift */ = {isa = PBXFileReference; lastKnownFileType = sourcecode.swift; path = TodoTests.swift; sourceTree = "<group>"; };
		DB9809E726F8B16B009DEEDD /* Info.plist */ = {isa = PBXFileReference; lastKnownFileType = text.plist.xml; path = Info.plist; sourceTree = "<group>"; };
		DB9809EC26F8B16B009DEEDD /* TodoUITests.xctest */ = {isa = PBXFileReference; explicitFileType = wrapper.cfbundle; includeInIndex = 0; path = TodoUITests.xctest; sourceTree = BUILT_PRODUCTS_DIR; };
		DB9809F026F8B16B009DEEDD /* TodoUITests.swift */ = {isa = PBXFileReference; lastKnownFileType = sourcecode.swift; path = TodoUITests.swift; sourceTree = "<group>"; };
		DB9809F226F8B16B009DEEDD /* Info.plist */ = {isa = PBXFileReference; lastKnownFileType = text.plist.xml; path = Info.plist; sourceTree = "<group>"; };
		DB980A0126F8B32B009DEEDD /* MainView.swift */ = {isa = PBXFileReference; lastKnownFileType = sourcecode.swift; path = MainView.swift; sourceTree = "<group>"; };
		DB980A0326F8B83A009DEEDD /* MainViewModel.swift */ = {isa = PBXFileReference; lastKnownFileType = sourcecode.swift; path = MainViewModel.swift; sourceTree = "<group>"; };
		DB980A0926F8BAFE009DEEDD /* LoginView.swift */ = {isa = PBXFileReference; lastKnownFileType = sourcecode.swift; path = LoginView.swift; sourceTree = "<group>"; };
		DB980A0B26F8BB58009DEEDD /* RegisterView.swift */ = {isa = PBXFileReference; lastKnownFileType = sourcecode.swift; path = RegisterView.swift; sourceTree = "<group>"; };
		DB980A0D26F8CA45009DEEDD /* LoginViewModel.swift */ = {isa = PBXFileReference; lastKnownFileType = sourcecode.swift; path = LoginViewModel.swift; sourceTree = "<group>"; };
		DB980A1026F8CB19009DEEDD /* TasksView.swift */ = {isa = PBXFileReference; lastKnownFileType = sourcecode.swift; path = TasksView.swift; sourceTree = "<group>"; };
		DB980A1226F8CB24009DEEDD /* TasksViewModel.swift */ = {isa = PBXFileReference; lastKnownFileType = sourcecode.swift; path = TasksViewModel.swift; sourceTree = "<group>"; };
		DB980A1626F8CB53009DEEDD /* Task.swift */ = {isa = PBXFileReference; lastKnownFileType = sourcecode.swift; path = Task.swift; sourceTree = "<group>"; };
		DB980A1D26F8CD5B009DEEDD /* TaskDetailView.swift */ = {isa = PBXFileReference; lastKnownFileType = sourcecode.swift; path = TaskDetailView.swift; sourceTree = "<group>"; };
		DB980A1F26F8CD66009DEEDD /* TaskDetailViewModel.swift */ = {isa = PBXFileReference; lastKnownFileType = sourcecode.swift; path = TaskDetailViewModel.swift; sourceTree = "<group>"; };
		DB980A2126F8D078009DEEDD /* TaskRowView.swift */ = {isa = PBXFileReference; lastKnownFileType = sourcecode.swift; path = TaskRowView.swift; sourceTree = "<group>"; };
		DB980A2626F8D0E8009DEEDD /* TaskRowViewModel.swift */ = {isa = PBXFileReference; lastKnownFileType = sourcecode.swift; path = TaskRowViewModel.swift; sourceTree = "<group>"; };
/* End PBXFileReference section */

/* Begin PBXFrameworksBuildPhase section */
		DB9809CD26F8B168009DEEDD /* Frameworks */ = {
			isa = PBXFrameworksBuildPhase;
			buildActionMask = 2147483647;
			files = (
			);
			runOnlyForDeploymentPostprocessing = 0;
		};
		DB9809DE26F8B16B009DEEDD /* Frameworks */ = {
			isa = PBXFrameworksBuildPhase;
			buildActionMask = 2147483647;
			files = (
			);
			runOnlyForDeploymentPostprocessing = 0;
		};
		DB9809E926F8B16B009DEEDD /* Frameworks */ = {
			isa = PBXFrameworksBuildPhase;
			buildActionMask = 2147483647;
			files = (
			);
			runOnlyForDeploymentPostprocessing = 0;
		};
/* End PBXFrameworksBuildPhase section */

/* Begin PBXGroup section */
		DB9809C726F8B168009DEEDD = {
			isa = PBXGroup;
			children = (
				DB9809D226F8B168009DEEDD /* Todo */,
				DB9809E426F8B16B009DEEDD /* TodoTests */,
				DB9809EF26F8B16B009DEEDD /* TodoUITests */,
				DB9809D126F8B168009DEEDD /* Products */,
			);
			sourceTree = "<group>";
		};
		DB9809D126F8B168009DEEDD /* Products */ = {
			isa = PBXGroup;
			children = (
				DB9809D026F8B168009DEEDD /* Todo.app */,
				DB9809E126F8B16B009DEEDD /* TodoTests.xctest */,
				DB9809EC26F8B16B009DEEDD /* TodoUITests.xctest */,
			);
			name = Products;
			sourceTree = "<group>";
		};
		DB9809D226F8B168009DEEDD /* Todo */ = {
			isa = PBXGroup;
			children = (
				DB9809D326F8B168009DEEDD /* TodoApp.swift */,
				DB9809D726F8B16B009DEEDD /* Assets.xcassets */,
				DB9809DC26F8B16B009DEEDD /* Info.plist */,
				DB9809FE26F8B182009DEEDD /* Scenes */,
				DB980A1426F8CB38009DEEDD /* Models */,
				DB9809D926F8B16B009DEEDD /* Preview Content */,
			);
			path = Todo;
			sourceTree = "<group>";
		};
		DB9809D926F8B16B009DEEDD /* Preview Content */ = {
			isa = PBXGroup;
			children = (
				DB9809DA26F8B16B009DEEDD /* Preview Assets.xcassets */,
			);
			path = "Preview Content";
			sourceTree = "<group>";
		};
		DB9809E426F8B16B009DEEDD /* TodoTests */ = {
			isa = PBXGroup;
			children = (
				DB9809E526F8B16B009DEEDD /* TodoTests.swift */,
				DB9809E726F8B16B009DEEDD /* Info.plist */,
			);
			path = TodoTests;
			sourceTree = "<group>";
		};
		DB9809EF26F8B16B009DEEDD /* TodoUITests */ = {
			isa = PBXGroup;
			children = (
				DB9809F026F8B16B009DEEDD /* TodoUITests.swift */,
				DB9809F226F8B16B009DEEDD /* Info.plist */,
			);
			path = TodoUITests;
			sourceTree = "<group>";
		};
		DB9809FE26F8B182009DEEDD /* Scenes */ = {
			isa = PBXGroup;
			children = (
				DB980A0526F8BA93009DEEDD /* Main */,
				DB980A0726F8BAE3009DEEDD /* Login */,
				DB980A0826F8BAEC009DEEDD /* Register */,
				DB980A1926F8CCA6009DEEDD /* Task */,
			);
			path = Scenes;
			sourceTree = "<group>";
		};
		DB980A0526F8BA93009DEEDD /* Main */ = {
			isa = PBXGroup;
			children = (
				DB980A0126F8B32B009DEEDD /* MainView.swift */,
				DB980A0326F8B83A009DEEDD /* MainViewModel.swift */,
			);
			path = Main;
			sourceTree = "<group>";
		};
		DB980A0726F8BAE3009DEEDD /* Login */ = {
			isa = PBXGroup;
			children = (
				DB980A0926F8BAFE009DEEDD /* LoginView.swift */,
				DB980A0D26F8CA45009DEEDD /* LoginViewModel.swift */,
			);
			path = Login;
			sourceTree = "<group>";
		};
		DB980A0826F8BAEC009DEEDD /* Register */ = {
			isa = PBXGroup;
			children = (
				DB980A0B26F8BB58009DEEDD /* RegisterView.swift */,
			);
			path = Register;
			sourceTree = "<group>";
		};
		DB980A1426F8CB38009DEEDD /* Models */ = {
			isa = PBXGroup;
			children = (
				DB980A1626F8CB53009DEEDD /* Task.swift */,
			);
			path = Models;
			sourceTree = "<group>";
		};
		DB980A1826F8CC93009DEEDD /* TasksView */ = {
			isa = PBXGroup;
			children = (
				DB980A1026F8CB19009DEEDD /* TasksView.swift */,
				DB980A1226F8CB24009DEEDD /* TasksViewModel.swift */,
			);
			path = TasksView;
			sourceTree = "<group>";
		};
		DB980A1926F8CCA6009DEEDD /* Task */ = {
			isa = PBXGroup;
			children = (
				DB980A2326F8D07D009DEEDD /* TaskRow */,
				DB980A1C26F8CD50009DEEDD /* TaskDetail */,
				DB980A1826F8CC93009DEEDD /* TasksView */,
			);
			name = Task;
			path = Task/Task;
			sourceTree = "<group>";
		};
		DB980A1C26F8CD50009DEEDD /* TaskDetail */ = {
			isa = PBXGroup;
			children = (
				DB980A1D26F8CD5B009DEEDD /* TaskDetailView.swift */,
				DB980A1F26F8CD66009DEEDD /* TaskDetailViewModel.swift */,
			);
			path = TaskDetail;
			sourceTree = "<group>";
		};
		DB980A2326F8D07D009DEEDD /* TaskRow */ = {
			isa = PBXGroup;
			children = (
				DB980A2126F8D078009DEEDD /* TaskRowView.swift */,
				DB980A2626F8D0E8009DEEDD /* TaskRowViewModel.swift */,
			);
			path = TaskRow;
			sourceTree = "<group>";
		};
/* End PBXGroup section */

/* Begin PBXNativeTarget section */
		DB9809CF26F8B168009DEEDD /* Todo */ = {
			isa = PBXNativeTarget;
			buildConfigurationList = DB9809F526F8B16B009DEEDD /* Build configuration list for PBXNativeTarget "Todo" */;
			buildPhases = (
				DB9809CC26F8B168009DEEDD /* Sources */,
				DB9809CD26F8B168009DEEDD /* Frameworks */,
				DB9809CE26F8B168009DEEDD /* Resources */,
			);
			buildRules = (
			);
			dependencies = (
			);
			name = Todo;
			productName = Todo;
			productReference = DB9809D026F8B168009DEEDD /* Todo.app */;
			productType = "com.apple.product-type.application";
		};
		DB9809E026F8B16B009DEEDD /* TodoTests */ = {
			isa = PBXNativeTarget;
			buildConfigurationList = DB9809F826F8B16B009DEEDD /* Build configuration list for PBXNativeTarget "TodoTests" */;
			buildPhases = (
				DB9809DD26F8B16B009DEEDD /* Sources */,
				DB9809DE26F8B16B009DEEDD /* Frameworks */,
				DB9809DF26F8B16B009DEEDD /* Resources */,
			);
			buildRules = (
			);
			dependencies = (
				DB9809E326F8B16B009DEEDD /* PBXTargetDependency */,
			);
			name = TodoTests;
			productName = TodoTests;
			productReference = DB9809E126F8B16B009DEEDD /* TodoTests.xctest */;
			productType = "com.apple.product-type.bundle.unit-test";
		};
		DB9809EB26F8B16B009DEEDD /* TodoUITests */ = {
			isa = PBXNativeTarget;
			buildConfigurationList = DB9809FB26F8B16B009DEEDD /* Build configuration list for PBXNativeTarget "TodoUITests" */;
			buildPhases = (
				DB9809E826F8B16B009DEEDD /* Sources */,
				DB9809E926F8B16B009DEEDD /* Frameworks */,
				DB9809EA26F8B16B009DEEDD /* Resources */,
			);
			buildRules = (
			);
			dependencies = (
				DB9809EE26F8B16B009DEEDD /* PBXTargetDependency */,
			);
			name = TodoUITests;
			productName = TodoUITests;
			productReference = DB9809EC26F8B16B009DEEDD /* TodoUITests.xctest */;
			productType = "com.apple.product-type.bundle.ui-testing";
		};
/* End PBXNativeTarget section */

/* Begin PBXProject section */
		DB9809C826F8B168009DEEDD /* Project object */ = {
			isa = PBXProject;
			attributes = {
				LastSwiftUpdateCheck = 1250;
				LastUpgradeCheck = 1250;
				TargetAttributes = {
					DB9809CF26F8B168009DEEDD = {
						CreatedOnToolsVersion = 12.5.1;
					};
					DB9809E026F8B16B009DEEDD = {
						CreatedOnToolsVersion = 12.5.1;
						TestTargetID = DB9809CF26F8B168009DEEDD;
					};
					DB9809EB26F8B16B009DEEDD = {
						CreatedOnToolsVersion = 12.5.1;
						TestTargetID = DB9809CF26F8B168009DEEDD;
					};
				};
			};
			buildConfigurationList = DB9809CB26F8B168009DEEDD /* Build configuration list for PBXProject "Todo" */;
			compatibilityVersion = "Xcode 9.3";
			developmentRegion = en;
			hasScannedForEncodings = 0;
			knownRegions = (
				en,
				Base,
			);
			mainGroup = DB9809C726F8B168009DEEDD;
			productRefGroup = DB9809D126F8B168009DEEDD /* Products */;
			projectDirPath = "";
			projectRoot = "";
			targets = (
				DB9809CF26F8B168009DEEDD /* Todo */,
				DB9809E026F8B16B009DEEDD /* TodoTests */,
				DB9809EB26F8B16B009DEEDD /* TodoUITests */,
			);
		};
/* End PBXProject section */

/* Begin PBXResourcesBuildPhase section */
		DB9809CE26F8B168009DEEDD /* Resources */ = {
			isa = PBXResourcesBuildPhase;
			buildActionMask = 2147483647;
			files = (
				DB9809DB26F8B16B009DEEDD /* Preview Assets.xcassets in Resources */,
				DB9809D826F8B16B009DEEDD /* Assets.xcassets in Resources */,
			);
			runOnlyForDeploymentPostprocessing = 0;
		};
		DB9809DF26F8B16B009DEEDD /* Resources */ = {
			isa = PBXResourcesBuildPhase;
			buildActionMask = 2147483647;
			files = (
			);
			runOnlyForDeploymentPostprocessing = 0;
		};
		DB9809EA26F8B16B009DEEDD /* Resources */ = {
			isa = PBXResourcesBuildPhase;
			buildActionMask = 2147483647;
			files = (
			);
			runOnlyForDeploymentPostprocessing = 0;
		};
/* End PBXResourcesBuildPhase section */

/* Begin PBXSourcesBuildPhase section */
		DB9809CC26F8B168009DEEDD /* Sources */ = {
			isa = PBXSourcesBuildPhase;
			buildActionMask = 2147483647;
			files = (
				DB9809D426F8B168009DEEDD /* TodoApp.swift in Sources */,
				DB980A1326F8CB24009DEEDD /* TasksViewModel.swift in Sources */,
				DB980A0C26F8BB58009DEEDD /* RegisterView.swift in Sources */,
				DB980A2226F8D078009DEEDD /* TaskRowView.swift in Sources */,
				DB980A0E26F8CA45009DEEDD /* LoginViewModel.swift in Sources */,
				DB980A1E26F8CD5B009DEEDD /* TaskDetailView.swift in Sources */,
				DB980A1126F8CB19009DEEDD /* TasksView.swift in Sources */,
				DB980A0226F8B32B009DEEDD /* MainView.swift in Sources */,
				DB980A2026F8CD66009DEEDD /* TaskDetailViewModel.swift in Sources */,
				DB980A2726F8D0E8009DEEDD /* TaskRowViewModel.swift in Sources */,
				DB980A0A26F8BAFE009DEEDD /* LoginView.swift in Sources */,
				DB980A1726F8CB53009DEEDD /* Task.swift in Sources */,
				DB980A0426F8B83B009DEEDD /* MainViewModel.swift in Sources */,
			);
			runOnlyForDeploymentPostprocessing = 0;
		};
		DB9809DD26F8B16B009DEEDD /* Sources */ = {
			isa = PBXSourcesBuildPhase;
			buildActionMask = 2147483647;
			files = (
				DB9809E626F8B16B009DEEDD /* TodoTests.swift in Sources */,
			);
			runOnlyForDeploymentPostprocessing = 0;
		};
		DB9809E826F8B16B009DEEDD /* Sources */ = {
			isa = PBXSourcesBuildPhase;
			buildActionMask = 2147483647;
			files = (
				DB9809F126F8B16B009DEEDD /* TodoUITests.swift in Sources */,
			);
			runOnlyForDeploymentPostprocessing = 0;
		};
/* End PBXSourcesBuildPhase section */

/* Begin PBXTargetDependency section */
		DB9809E326F8B16B009DEEDD /* PBXTargetDependency */ = {
			isa = PBXTargetDependency;
			target = DB9809CF26F8B168009DEEDD /* Todo */;
			targetProxy = DB9809E226F8B16B009DEEDD /* PBXContainerItemProxy */;
		};
		DB9809EE26F8B16B009DEEDD /* PBXTargetDependency */ = {
			isa = PBXTargetDependency;
			target = DB9809CF26F8B168009DEEDD /* Todo */;
			targetProxy = DB9809ED26F8B16B009DEEDD /* PBXContainerItemProxy */;
		};
/* End PBXTargetDependency section */

/* Begin XCBuildConfiguration section */
		DB9809F326F8B16B009DEEDD /* Debug */ = {
			isa = XCBuildConfiguration;
			buildSettings = {
				ALWAYS_SEARCH_USER_PATHS = NO;
				CLANG_ANALYZER_NONNULL = YES;
				CLANG_ANALYZER_NUMBER_OBJECT_CONVERSION = YES_AGGRESSIVE;
				CLANG_CXX_LANGUAGE_STANDARD = "gnu++14";
				CLANG_CXX_LIBRARY = "libc++";
				CLANG_ENABLE_MODULES = YES;
				CLANG_ENABLE_OBJC_ARC = YES;
				CLANG_ENABLE_OBJC_WEAK = YES;
				CLANG_WARN_BLOCK_CAPTURE_AUTORELEASING = YES;
				CLANG_WARN_BOOL_CONVERSION = YES;
				CLANG_WARN_COMMA = YES;
				CLANG_WARN_CONSTANT_CONVERSION = YES;
				CLANG_WARN_DEPRECATED_OBJC_IMPLEMENTATIONS = YES;
				CLANG_WARN_DIRECT_OBJC_ISA_USAGE = YES_ERROR;
				CLANG_WARN_DOCUMENTATION_COMMENTS = YES;
				CLANG_WARN_EMPTY_BODY = YES;
				CLANG_WARN_ENUM_CONVERSION = YES;
				CLANG_WARN_INFINITE_RECURSION = YES;
				CLANG_WARN_INT_CONVERSION = YES;
				CLANG_WARN_NON_LITERAL_NULL_CONVERSION = YES;
				CLANG_WARN_OBJC_IMPLICIT_RETAIN_SELF = YES;
				CLANG_WARN_OBJC_LITERAL_CONVERSION = YES;
				CLANG_WARN_OBJC_ROOT_CLASS = YES_ERROR;
				CLANG_WARN_QUOTED_INCLUDE_IN_FRAMEWORK_HEADER = YES;
				CLANG_WARN_RANGE_LOOP_ANALYSIS = YES;
				CLANG_WARN_STRICT_PROTOTYPES = YES;
				CLANG_WARN_SUSPICIOUS_MOVE = YES;
				CLANG_WARN_UNGUARDED_AVAILABILITY = YES_AGGRESSIVE;
				CLANG_WARN_UNREACHABLE_CODE = YES;
				CLANG_WARN__DUPLICATE_METHOD_MATCH = YES;
				COPY_PHASE_STRIP = NO;
				DEBUG_INFORMATION_FORMAT = dwarf;
				ENABLE_STRICT_OBJC_MSGSEND = YES;
				ENABLE_TESTABILITY = YES;
				GCC_C_LANGUAGE_STANDARD = gnu11;
				GCC_DYNAMIC_NO_PIC = NO;
				GCC_NO_COMMON_BLOCKS = YES;
				GCC_OPTIMIZATION_LEVEL = 0;
				GCC_PREPROCESSOR_DEFINITIONS = (
					"DEBUG=1",
					"$(inherited)",
				);
				GCC_WARN_64_TO_32_BIT_CONVERSION = YES;
				GCC_WARN_ABOUT_RETURN_TYPE = YES_ERROR;
				GCC_WARN_UNDECLARED_SELECTOR = YES;
				GCC_WARN_UNINITIALIZED_AUTOS = YES_AGGRESSIVE;
				GCC_WARN_UNUSED_FUNCTION = YES;
				GCC_WARN_UNUSED_VARIABLE = YES;
				IPHONEOS_DEPLOYMENT_TARGET = 14.5;
				MTL_ENABLE_DEBUG_INFO = INCLUDE_SOURCE;
				MTL_FAST_MATH = YES;
				ONLY_ACTIVE_ARCH = YES;
				SDKROOT = iphoneos;
				SWIFT_ACTIVE_COMPILATION_CONDITIONS = DEBUG;
				SWIFT_OPTIMIZATION_LEVEL = "-Onone";
			};
			name = Debug;
		};
		DB9809F426F8B16B009DEEDD /* Release */ = {
			isa = XCBuildConfiguration;
			buildSettings = {
				ALWAYS_SEARCH_USER_PATHS = NO;
				CLANG_ANALYZER_NONNULL = YES;
				CLANG_ANALYZER_NUMBER_OBJECT_CONVERSION = YES_AGGRESSIVE;
				CLANG_CXX_LANGUAGE_STANDARD = "gnu++14";
				CLANG_CXX_LIBRARY = "libc++";
				CLANG_ENABLE_MODULES = YES;
				CLANG_ENABLE_OBJC_ARC = YES;
				CLANG_ENABLE_OBJC_WEAK = YES;
				CLANG_WARN_BLOCK_CAPTURE_AUTORELEASING = YES;
				CLANG_WARN_BOOL_CONVERSION = YES;
				CLANG_WARN_COMMA = YES;
				CLANG_WARN_CONSTANT_CONVERSION = YES;
				CLANG_WARN_DEPRECATED_OBJC_IMPLEMENTATIONS = YES;
				CLANG_WARN_DIRECT_OBJC_ISA_USAGE = YES_ERROR;
				CLANG_WARN_DOCUMENTATION_COMMENTS = YES;
				CLANG_WARN_EMPTY_BODY = YES;
				CLANG_WARN_ENUM_CONVERSION = YES;
				CLANG_WARN_INFINITE_RECURSION = YES;
				CLANG_WARN_INT_CONVERSION = YES;
				CLANG_WARN_NON_LITERAL_NULL_CONVERSION = YES;
				CLANG_WARN_OBJC_IMPLICIT_RETAIN_SELF = YES;
				CLANG_WARN_OBJC_LITERAL_CONVERSION = YES;
				CLANG_WARN_OBJC_ROOT_CLASS = YES_ERROR;
				CLANG_WARN_QUOTED_INCLUDE_IN_FRAMEWORK_HEADER = YES;
				CLANG_WARN_RANGE_LOOP_ANALYSIS = YES;
				CLANG_WARN_STRICT_PROTOTYPES = YES;
				CLANG_WARN_SUSPICIOUS_MOVE = YES;
				CLANG_WARN_UNGUARDED_AVAILABILITY = YES_AGGRESSIVE;
				CLANG_WARN_UNREACHABLE_CODE = YES;
				CLANG_WARN__DUPLICATE_METHOD_MATCH = YES;
				COPY_PHASE_STRIP = NO;
				DEBUG_INFORMATION_FORMAT = "dwarf-with-dsym";
				ENABLE_NS_ASSERTIONS = NO;
				ENABLE_STRICT_OBJC_MSGSEND = YES;
				GCC_C_LANGUAGE_STANDARD = gnu11;
				GCC_NO_COMMON_BLOCKS = YES;
				GCC_WARN_64_TO_32_BIT_CONVERSION = YES;
				GCC_WARN_ABOUT_RETURN_TYPE = YES_ERROR;
				GCC_WARN_UNDECLARED_SELECTOR = YES;
				GCC_WARN_UNINITIALIZED_AUTOS = YES_AGGRESSIVE;
				GCC_WARN_UNUSED_FUNCTION = YES;
				GCC_WARN_UNUSED_VARIABLE = YES;
				IPHONEOS_DEPLOYMENT_TARGET = 14.5;
				MTL_ENABLE_DEBUG_INFO = NO;
				MTL_FAST_MATH = YES;
				SDKROOT = iphoneos;
				SWIFT_COMPILATION_MODE = wholemodule;
				SWIFT_OPTIMIZATION_LEVEL = "-O";
				VALIDATE_PRODUCT = YES;
			};
			name = Release;
		};
		DB9809F626F8B16B009DEEDD /* Debug */ = {
			isa = XCBuildConfiguration;
			buildSettings = {
				ASSETCATALOG_COMPILER_APPICON_NAME = AppIcon;
				ASSETCATALOG_COMPILER_GLOBAL_ACCENT_COLOR_NAME = AccentColor;
				CODE_SIGN_STYLE = Automatic;
				DEVELOPMENT_ASSET_PATHS = "\"Todo/Preview Content\"";
				DEVELOPMENT_TEAM = 9W4ADVX9N3;
				ENABLE_PREVIEWS = YES;
				INFOPLIST_FILE = Todo/Info.plist;
				IPHONEOS_DEPLOYMENT_TARGET = 14.0;
				LD_RUNPATH_SEARCH_PATHS = (
					"$(inherited)",
					"@executable_path/Frameworks",
				);
				PRODUCT_BUNDLE_IDENTIFIER = com.pratchaya.Todo;
				PRODUCT_NAME = "$(TARGET_NAME)";
				SWIFT_VERSION = 5.0;
				TARGETED_DEVICE_FAMILY = "1,2";
			};
			name = Debug;
		};
		DB9809F726F8B16B009DEEDD /* Release */ = {
			isa = XCBuildConfiguration;
			buildSettings = {
				ASSETCATALOG_COMPILER_APPICON_NAME = AppIcon;
				ASSETCATALOG_COMPILER_GLOBAL_ACCENT_COLOR_NAME = AccentColor;
				CODE_SIGN_STYLE = Automatic;
				DEVELOPMENT_ASSET_PATHS = "\"Todo/Preview Content\"";
				DEVELOPMENT_TEAM = 9W4ADVX9N3;
				ENABLE_PREVIEWS = YES;
				INFOPLIST_FILE = Todo/Info.plist;
				IPHONEOS_DEPLOYMENT_TARGET = 14.0;
				LD_RUNPATH_SEARCH_PATHS = (
					"$(inherited)",
					"@executable_path/Frameworks",
				);
				PRODUCT_BUNDLE_IDENTIFIER = com.pratchaya.Todo;
				PRODUCT_NAME = "$(TARGET_NAME)";
				SWIFT_VERSION = 5.0;
				TARGETED_DEVICE_FAMILY = "1,2";
			};
			name = Release;
		};
		DB9809F926F8B16B009DEEDD /* Debug */ = {
			isa = XCBuildConfiguration;
			buildSettings = {
				ALWAYS_EMBED_SWIFT_STANDARD_LIBRARIES = YES;
				BUNDLE_LOADER = "$(TEST_HOST)";
				CODE_SIGN_STYLE = Automatic;
				DEVELOPMENT_TEAM = 9W4ADVX9N3;
				INFOPLIST_FILE = TodoTests/Info.plist;
				IPHONEOS_DEPLOYMENT_TARGET = 14.0;
				LD_RUNPATH_SEARCH_PATHS = (
					"$(inherited)",
					"@executable_path/Frameworks",
					"@loader_path/Frameworks",
				);
				PRODUCT_BUNDLE_IDENTIFIER = com.pratchaya.TodoTests;
				PRODUCT_NAME = "$(TARGET_NAME)";
				SWIFT_VERSION = 5.0;
				TARGETED_DEVICE_FAMILY = "1,2";
				TEST_HOST = "$(BUILT_PRODUCTS_DIR)/Todo.app/Todo";
			};
			name = Debug;
		};
		DB9809FA26F8B16B009DEEDD /* Release */ = {
			isa = XCBuildConfiguration;
			buildSettings = {
				ALWAYS_EMBED_SWIFT_STANDARD_LIBRARIES = YES;
				BUNDLE_LOADER = "$(TEST_HOST)";
				CODE_SIGN_STYLE = Automatic;
				DEVELOPMENT_TEAM = 9W4ADVX9N3;
				INFOPLIST_FILE = TodoTests/Info.plist;
				IPHONEOS_DEPLOYMENT_TARGET = 14.0;
				LD_RUNPATH_SEARCH_PATHS = (
					"$(inherited)",
					"@executable_path/Frameworks",
					"@loader_path/Frameworks",
				);
				PRODUCT_BUNDLE_IDENTIFIER = com.pratchaya.TodoTests;
				PRODUCT_NAME = "$(TARGET_NAME)";
				SWIFT_VERSION = 5.0;
				TARGETED_DEVICE_FAMILY = "1,2";
				TEST_HOST = "$(BUILT_PRODUCTS_DIR)/Todo.app/Todo";
			};
			name = Release;
		};
		DB9809FC26F8B16B009DEEDD /* Debug */ = {
			isa = XCBuildConfiguration;
			buildSettings = {
				ALWAYS_EMBED_SWIFT_STANDARD_LIBRARIES = YES;
				CODE_SIGN_STYLE = Automatic;
				DEVELOPMENT_TEAM = 9W4ADVX9N3;
				INFOPLIST_FILE = TodoUITests/Info.plist;
				LD_RUNPATH_SEARCH_PATHS = (
					"$(inherited)",
					"@executable_path/Frameworks",
					"@loader_path/Frameworks",
				);
				PRODUCT_BUNDLE_IDENTIFIER = com.pratchaya.TodoUITests;
				PRODUCT_NAME = "$(TARGET_NAME)";
				SWIFT_VERSION = 5.0;
				TARGETED_DEVICE_FAMILY = "1,2";
				TEST_TARGET_NAME = Todo;
			};
			name = Debug;
		};
		DB9809FD26F8B16B009DEEDD /* Release */ = {
			isa = XCBuildConfiguration;
			buildSettings = {
				ALWAYS_EMBED_SWIFT_STANDARD_LIBRARIES = YES;
				CODE_SIGN_STYLE = Automatic;
				DEVELOPMENT_TEAM = 9W4ADVX9N3;
				INFOPLIST_FILE = TodoUITests/Info.plist;
				LD_RUNPATH_SEARCH_PATHS = (
					"$(inherited)",
					"@executable_path/Frameworks",
					"@loader_path/Frameworks",
				);
				PRODUCT_BUNDLE_IDENTIFIER = com.pratchaya.TodoUITests;
				PRODUCT_NAME = "$(TARGET_NAME)";
				SWIFT_VERSION = 5.0;
				TARGETED_DEVICE_FAMILY = "1,2";
				TEST_TARGET_NAME = Todo;
			};
			name = Release;
		};
/* End XCBuildConfiguration section */

/* Begin XCConfigurationList section */
		DB9809CB26F8B168009DEEDD /* Build configuration list for PBXProject "Todo" */ = {
			isa = XCConfigurationList;
			buildConfigurations = (
				DB9809F326F8B16B009DEEDD /* Debug */,
				DB9809F426F8B16B009DEEDD /* Release */,
			);
			defaultConfigurationIsVisible = 0;
			defaultConfigurationName = Release;
		};
		DB9809F526F8B16B009DEEDD /* Build configuration list for PBXNativeTarget "Todo" */ = {
			isa = XCConfigurationList;
			buildConfigurations = (
				DB9809F626F8B16B009DEEDD /* Debug */,
				DB9809F726F8B16B009DEEDD /* Release */,
			);
			defaultConfigurationIsVisible = 0;
			defaultConfigurationName = Release;
		};
		DB9809F826F8B16B009DEEDD /* Build configuration list for PBXNativeTarget "TodoTests" */ = {
			isa = XCConfigurationList;
			buildConfigurations = (
				DB9809F926F8B16B009DEEDD /* Debug */,
				DB9809FA26F8B16B009DEEDD /* Release */,
			);
			defaultConfigurationIsVisible = 0;
			defaultConfigurationName = Release;
		};
		DB9809FB26F8B16B009DEEDD /* Build configuration list for PBXNativeTarget "TodoUITests" */ = {
			isa = XCConfigurationList;
			buildConfigurations = (
				DB9809FC26F8B16B009DEEDD /* Debug */,
				DB9809FD26F8B16B009DEEDD /* Release */,
			);
			defaultConfigurationIsVisible = 0;
			defaultConfigurationName = Release;
		};
/* End XCConfigurationList section */
	};
	rootObject = DB9809C826F8B168009DEEDD /* Project object */;
}
